// !$*UTF8*$!
{
	archiveVersion = 1;
	classes = {
	};
	objectVersion = 56;
	objects = {

/* Begin PBXBuildFile section */
		484B137C2A02AD1C00C8B5B5 /* Test.swift in Sources */ = {isa = PBXBuildFile; fileRef = 484B137B2A02AD1C00C8B5B5 /* Test.swift */; };
		48A3A01029D460EA0035D188 /* SwaquAppliApp.swift in Sources */ = {isa = PBXBuildFile; fileRef = 48A3A00F29D460EA0035D188 /* SwaquAppliApp.swift */; };
		48A3A01229D460EA0035D188 /* ContentView.swift in Sources */ = {isa = PBXBuildFile; fileRef = 48A3A01129D460EA0035D188 /* ContentView.swift */; };
		48A3A01429D460EC0035D188 /* Assets.xcassets in Resources */ = {isa = PBXBuildFile; fileRef = 48A3A01329D460EC0035D188 /* Assets.xcassets */; };
		48A3A01729D460EC0035D188 /* Preview Assets.xcassets in Resources */ = {isa = PBXBuildFile; fileRef = 48A3A01629D460EC0035D188 /* Preview Assets.xcassets */; };
		48A3A02029D468A30035D188 /* ConnectionView.swift in Sources */ = {isa = PBXBuildFile; fileRef = 48A3A01F29D468A30035D188 /* ConnectionView.swift */; };
		48A3A02229D46D200035D188 /* GlouGlouView.swift in Sources */ = {isa = PBXBuildFile; fileRef = 48A3A02129D46D200035D188 /* GlouGlouView.swift */; };
		D146BCFF2A277397006AD6D5 /* Swallower.swift in Sources */ = {isa = PBXBuildFile; fileRef = D146BCFE2A277397006AD6D5 /* Swallower.swift */; };
		D146BD012A278C54006AD6D5 /* .gitignore in Resources */ = {isa = PBXBuildFile; fileRef = D146BD002A278C54006AD6D5 /* .gitignore */; };
/* End PBXBuildFile section */

/* Begin PBXFileReference section */
		484B137B2A02AD1C00C8B5B5 /* Test.swift */ = {isa = PBXFileReference; lastKnownFileType = sourcecode.swift; path = Test.swift; sourceTree = "<group>"; };
		48A3A00C29D460EA0035D188 /* SwaquAppli.app */ = {isa = PBXFileReference; explicitFileType = wrapper.application; includeInIndex = 0; path = SwaquAppli.app; sourceTree = BUILT_PRODUCTS_DIR; };
		48A3A00F29D460EA0035D188 /* SwaquAppliApp.swift */ = {isa = PBXFileReference; lastKnownFileType = sourcecode.swift; path = SwaquAppliApp.swift; sourceTree = "<group>"; };
		48A3A01129D460EA0035D188 /* ContentView.swift */ = {isa = PBXFileReference; lastKnownFileType = sourcecode.swift; path = ContentView.swift; sourceTree = "<group>"; };
		48A3A01329D460EC0035D188 /* Assets.xcassets */ = {isa = PBXFileReference; lastKnownFileType = folder.assetcatalog; path = Assets.xcassets; sourceTree = "<group>"; };
		48A3A01629D460EC0035D188 /* Preview Assets.xcassets */ = {isa = PBXFileReference; lastKnownFileType = folder.assetcatalog; path = "Preview Assets.xcassets"; sourceTree = "<group>"; };
		48A3A01F29D468A30035D188 /* ConnectionView.swift */ = {isa = PBXFileReference; lastKnownFileType = sourcecode.swift; path = ConnectionView.swift; sourceTree = "<group>"; };
		48A3A02129D46D200035D188 /* GlouGlouView.swift */ = {isa = PBXFileReference; lastKnownFileType = sourcecode.swift; path = GlouGlouView.swift; sourceTree = "<group>"; };
		D146BCFE2A277397006AD6D5 /* Swallower.swift */ = {isa = PBXFileReference; lastKnownFileType = sourcecode.swift; path = Swallower.swift; sourceTree = "<group>"; };
		D146BD002A278C54006AD6D5 /* .gitignore */ = {isa = PBXFileReference; lastKnownFileType = text; path = .gitignore; sourceTree = "<group>"; };
/* End PBXFileReference section */

/* Begin PBXFrameworksBuildPhase section */
		48A3A00929D460EA0035D188 /* Frameworks */ = {
			isa = PBXFrameworksBuildPhase;
			buildActionMask = 2147483647;
			files = (
			);
			runOnlyForDeploymentPostprocessing = 0;
		};
/* End PBXFrameworksBuildPhase section */

/* Begin PBXGroup section */
		48A3A00329D460EA0035D188 = {
			isa = PBXGroup;
			children = (
				D146BD002A278C54006AD6D5 /* .gitignore */,
				48A3A00E29D460EA0035D188 /* SwaquAppli */,
				48A3A00D29D460EA0035D188 /* Products */,
			);
			sourceTree = "<group>";
		};
		48A3A00D29D460EA0035D188 /* Products */ = {
			isa = PBXGroup;
			children = (
				48A3A00C29D460EA0035D188 /* SwaquAppli.app */,
			);
			name = Products;
			sourceTree = "<group>";
		};
		48A3A00E29D460EA0035D188 /* SwaquAppli */ = {
			isa = PBXGroup;
			children = (
				48A3A01E29D468060035D188 /* Model */,
				48A3A01D29D467F90035D188 /* Views */,
				48A3A00F29D460EA0035D188 /* SwaquAppliApp.swift */,
				48A3A01129D460EA0035D188 /* ContentView.swift */,
				48A3A01329D460EC0035D188 /* Assets.xcassets */,
				48A3A01529D460EC0035D188 /* Preview Content */,
			);
			path = SwaquAppli;
			sourceTree = "<group>";
		};
		48A3A01529D460EC0035D188 /* Preview Content */ = {
			isa = PBXGroup;
			children = (
				48A3A01629D460EC0035D188 /* Preview Assets.xcassets */,
			);
			path = "Preview Content";
			sourceTree = "<group>";
		};
		48A3A01D29D467F90035D188 /* Views */ = {
			isa = PBXGroup;
			children = (
				48A3A01F29D468A30035D188 /* ConnectionView.swift */,
				48A3A02129D46D200035D188 /* GlouGlouView.swift */,
				484B137B2A02AD1C00C8B5B5 /* Test.swift */,
			);
			path = Views;
			sourceTree = "<group>";
		};
		48A3A01E29D468060035D188 /* Model */ = {
			isa = PBXGroup;
			children = (
				D146BCFE2A277397006AD6D5 /* Swallower.swift */,
			);
			path = Model;
			sourceTree = "<group>";
		};
/* End PBXGroup section */

/* Begin PBXNativeTarget section */
		48A3A00B29D460EA0035D188 /* SwaquAppli */ = {
			isa = PBXNativeTarget;
			buildConfigurationList = 48A3A01A29D460EC0035D188 /* Build configuration list for PBXNativeTarget "SwaquAppli" */;
			buildPhases = (
				48A3A00829D460EA0035D188 /* Sources */,
				48A3A00929D460EA0035D188 /* Frameworks */,
				48A3A00A29D460EA0035D188 /* Resources */,
			);
			buildRules = (
			);
			dependencies = (
			);
			name = SwaquAppli;
			productName = SwaquAppli;
			productReference = 48A3A00C29D460EA0035D188 /* SwaquAppli.app */;
			productType = "com.apple.product-type.application";
		};
/* End PBXNativeTarget section */

/* Begin PBXProject section */
		48A3A00429D460EA0035D188 /* Project object */ = {
			isa = PBXProject;
			attributes = {
				BuildIndependentTargetsInParallel = 1;
				LastSwiftUpdateCheck = 1420;
				LastUpgradeCheck = 1420;
				TargetAttributes = {
					48A3A00B29D460EA0035D188 = {
						CreatedOnToolsVersion = 14.2;
					};
				};
			};
			buildConfigurationList = 48A3A00729D460EA0035D188 /* Build configuration list for PBXProject "SwaquAppli" */;
			compatibilityVersion = "Xcode 14.0";
			developmentRegion = en;
			hasScannedForEncodings = 0;
			knownRegions = (
				en,
				Base,
			);
			mainGroup = 48A3A00329D460EA0035D188;
			productRefGroup = 48A3A00D29D460EA0035D188 /* Products */;
			projectDirPath = "";
			projectRoot = "";
			targets = (
				48A3A00B29D460EA0035D188 /* SwaquAppli */,
			);
		};
/* End PBXProject section */

/* Begin PBXResourcesBuildPhase section */
		48A3A00A29D460EA0035D188 /* Resources */ = {
			isa = PBXResourcesBuildPhase;
			buildActionMask = 2147483647;
			files = (
				48A3A01729D460EC0035D188 /* Preview Assets.xcassets in Resources */,
				D146BD012A278C54006AD6D5 /* .gitignore in Resources */,
				48A3A01429D460EC0035D188 /* Assets.xcassets in Resources */,
			);
			runOnlyForDeploymentPostprocessing = 0;
		};
/* End PBXResourcesBuildPhase section */

/* Begin PBXSourcesBuildPhase section */
		48A3A00829D460EA0035D188 /* Sources */ = {
			isa = PBXSourcesBuildPhase;
			buildActionMask = 2147483647;
			files = (
				D146BCFF2A277397006AD6D5 /* Swallower.swift in Sources */,
				48A3A01229D460EA0035D188 /* ContentView.swift in Sources */,
				48A3A02029D468A30035D188 /* ConnectionView.swift in Sources */,
				484B137C2A02AD1C00C8B5B5 /* Test.swift in Sources */,
				48A3A02229D46D200035D188 /* GlouGlouView.swift in Sources */,
				48A3A01029D460EA0035D188 /* SwaquAppliApp.swift in Sources */,
			);
			runOnlyForDeploymentPostprocessing = 0;
		};
/* End PBXSourcesBuildPhase section */

/* Begin XCBuildConfiguration section */
		48A3A01829D460EC0035D188 /* Debug */ = {
			isa = XCBuildConfiguration;
			buildSettings = {
				ALWAYS_SEARCH_USER_PATHS = NO;
				CLANG_ANALYZER_NONNULL = YES;
				CLANG_ANALYZER_NUMBER_OBJECT_CONVERSION = YES_AGGRESSIVE;
				CLANG_CXX_LANGUAGE_STANDARD = "gnu++20";
				CLANG_ENABLE_MODULES = YES;
				CLANG_ENABLE_OBJC_ARC = YES;
				CLANG_ENABLE_OBJC_WEAK = YES;
				CLANG_WARN_BLOCK_CAPTURE_AUTORELEASING = YES;
				CLANG_WARN_BOOL_CONVERSION = YES;
				CLANG_WARN_COMMA = YES;
				CLANG_WARN_CONSTANT_CONVERSION = YES;
				CLANG_WARN_DEPRECATED_OBJC_IMPLEMENTATIONS = YES;
				CLANG_WARN_DIRECT_OBJC_ISA_USAGE = YES_ERROR;
				CLANG_WARN_DOCUMENTATION_COMMENTS = YES;
				CLANG_WARN_EMPTY_BODY = YES;
				CLANG_WARN_ENUM_CONVERSION = YES;
				CLANG_WARN_INFINITE_RECURSION = YES;
				CLANG_WARN_INT_CONVERSION = YES;
				CLANG_WARN_NON_LITERAL_NULL_CONVERSION = YES;
				CLANG_WARN_OBJC_IMPLICIT_RETAIN_SELF = YES;
				CLANG_WARN_OBJC_LITERAL_CONVERSION = YES;
				CLANG_WARN_OBJC_ROOT_CLASS = YES_ERROR;
				CLANG_WARN_QUOTED_INCLUDE_IN_FRAMEWORK_HEADER = YES;
				CLANG_WARN_RANGE_LOOP_ANALYSIS = YES;
				CLANG_WARN_STRICT_PROTOTYPES = YES;
				CLANG_WARN_SUSPICIOUS_MOVE = YES;
				CLANG_WARN_UNGUARDED_AVAILABILITY = YES_AGGRESSIVE;
				CLANG_WARN_UNREACHABLE_CODE = YES;
				CLANG_WARN__DUPLICATE_METHOD_MATCH = YES;
				COPY_PHASE_STRIP = NO;
				DEBUG_INFORMATION_FORMAT = dwarf;
				ENABLE_STRICT_OBJC_MSGSEND = YES;
				ENABLE_TESTABILITY = YES;
				GCC_C_LANGUAGE_STANDARD = gnu11;
				GCC_DYNAMIC_NO_PIC = NO;
				GCC_NO_COMMON_BLOCKS = YES;
				GCC_OPTIMIZATION_LEVEL = 0;
				GCC_PREPROCESSOR_DEFINITIONS = (
					"DEBUG=1",
					"$(inherited)",
				);
				GCC_WARN_64_TO_32_BIT_CONVERSION = YES;
				GCC_WARN_ABOUT_RETURN_TYPE = YES_ERROR;
				GCC_WARN_UNDECLARED_SELECTOR = YES;
				GCC_WARN_UNINITIALIZED_AUTOS = YES_AGGRESSIVE;
				GCC_WARN_UNUSED_FUNCTION = YES;
				GCC_WARN_UNUSED_VARIABLE = YES;
				IPHONEOS_DEPLOYMENT_TARGET = 16.2;
				MTL_ENABLE_DEBUG_INFO = INCLUDE_SOURCE;
				MTL_FAST_MATH = YES;
				ONLY_ACTIVE_ARCH = YES;
				SDKROOT = iphoneos;
				SWIFT_ACTIVE_COMPILATION_CONDITIONS = DEBUG;
				SWIFT_OPTIMIZATION_LEVEL = "-Onone";
			};
			name = Debug;
		};
		48A3A01929D460EC0035D188 /* Release */ = {
			isa = XCBuildConfiguration;
			buildSettings = {
				ALWAYS_SEARCH_USER_PATHS = NO;
				CLANG_ANALYZER_NONNULL = YES;
				CLANG_ANALYZER_NUMBER_OBJECT_CONVERSION = YES_AGGRESSIVE;
				CLANG_CXX_LANGUAGE_STANDARD = "gnu++20";
				CLANG_ENABLE_MODULES = YES;
				CLANG_ENABLE_OBJC_ARC = YES;
				CLANG_ENABLE_OBJC_WEAK = YES;
				CLANG_WARN_BLOCK_CAPTURE_AUTORELEASING = YES;
				CLANG_WARN_BOOL_CONVERSION = YES;
				CLANG_WARN_COMMA = YES;
				CLANG_WARN_CONSTANT_CONVERSION = YES;
				CLANG_WARN_DEPRECATED_OBJC_IMPLEMENTATIONS = YES;
				CLANG_WARN_DIRECT_OBJC_ISA_USAGE = YES_ERROR;
				CLANG_WARN_DOCUMENTATION_COMMENTS = YES;
				CLANG_WARN_EMPTY_BODY = YES;
				CLANG_WARN_ENUM_CONVERSION = YES;
				CLANG_WARN_INFINITE_RECURSION = YES;
				CLANG_WARN_INT_CONVERSION = YES;
				CLANG_WARN_NON_LITERAL_NULL_CONVERSION = YES;
				CLANG_WARN_OBJC_IMPLICIT_RETAIN_SELF = YES;
				CLANG_WARN_OBJC_LITERAL_CONVERSION = YES;
				CLANG_WARN_OBJC_ROOT_CLASS = YES_ERROR;
				CLANG_WARN_QUOTED_INCLUDE_IN_FRAMEWORK_HEADER = YES;
				CLANG_WARN_RANGE_LOOP_ANALYSIS = YES;
				CLANG_WARN_STRICT_PROTOTYPES = YES;
				CLANG_WARN_SUSPICIOUS_MOVE = YES;
				CLANG_WARN_UNGUARDED_AVAILABILITY = YES_AGGRESSIVE;
				CLANG_WARN_UNREACHABLE_CODE = YES;
				CLANG_WARN__DUPLICATE_METHOD_MATCH = YES;
				COPY_PHASE_STRIP = NO;
				DEBUG_INFORMATION_FORMAT = "dwarf-with-dsym";
				ENABLE_NS_ASSERTIONS = NO;
				ENABLE_STRICT_OBJC_MSGSEND = YES;
				GCC_C_LANGUAGE_STANDARD = gnu11;
				GCC_NO_COMMON_BLOCKS = YES;
				GCC_WARN_64_TO_32_BIT_CONVERSION = YES;
				GCC_WARN_ABOUT_RETURN_TYPE = YES_ERROR;
				GCC_WARN_UNDECLARED_SELECTOR = YES;
				GCC_WARN_UNINITIALIZED_AUTOS = YES_AGGRESSIVE;
				GCC_WARN_UNUSED_FUNCTION = YES;
				GCC_WARN_UNUSED_VARIABLE = YES;
				IPHONEOS_DEPLOYMENT_TARGET = 16.2;
				MTL_ENABLE_DEBUG_INFO = NO;
				MTL_FAST_MATH = YES;
				SDKROOT = iphoneos;
				SWIFT_COMPILATION_MODE = wholemodule;
				SWIFT_OPTIMIZATION_LEVEL = "-O";
				VALIDATE_PRODUCT = YES;
			};
			name = Release;
		};
		48A3A01B29D460EC0035D188 /* Debug */ = {
			isa = XCBuildConfiguration;
			buildSettings = {
				ASSETCATALOG_COMPILER_APPICON_NAME = AppIcon;
				ASSETCATALOG_COMPILER_GLOBAL_ACCENT_COLOR_NAME = AccentColor;
				CODE_SIGN_STYLE = Automatic;
				CURRENT_PROJECT_VERSION = 1;
				DEVELOPMENT_ASSET_PATHS = "\"SwaquAppli/Preview Content\"";
				ENABLE_PREVIEWS = YES;
				GENERATE_INFOPLIST_FILE = YES;
				INFOPLIST_KEY_UIApplicationSceneManifest_Generation = YES;
				INFOPLIST_KEY_UIApplicationSupportsIndirectInputEvents = YES;
				INFOPLIST_KEY_UILaunchScreen_Generation = YES;
				INFOPLIST_KEY_UISupportedInterfaceOrientations_iPad = "UIInterfaceOrientationPortrait UIInterfaceOrientationPortraitUpsideDown UIInterfaceOrientationLandscapeLeft UIInterfaceOrientationLandscapeRight";
				INFOPLIST_KEY_UISupportedInterfaceOrientations_iPhone = "UIInterfaceOrientationPortrait UIInterfaceOrientationLandscapeLeft UIInterfaceOrientationLandscapeRight";
				LD_RUNPATH_SEARCH_PATHS = (
					"$(inherited)",
					"@executable_path/Frameworks",
				);
				MARKETING_VERSION = 1.0;
				PRODUCT_BUNDLE_IDENTIFIER = paolo.SwaquAppli;
				PRODUCT_NAME = "$(TARGET_NAME)";
				SWIFT_EMIT_LOC_STRINGS = YES;
				SWIFT_VERSION = 5.0;
				TARGETED_DEVICE_FAMILY = "1,2";
			};
			name = Debug;
		};
		48A3A01C29D460EC0035D188 /* Release */ = {
			isa = XCBuildConfiguration;
			buildSettings = {
				ASSETCATALOG_COMPILER_APPICON_NAME = AppIcon;
				ASSETCATALOG_COMPILER_GLOBAL_ACCENT_COLOR_NAME = AccentColor;
				CODE_SIGN_STYLE = Automatic;
				CURRENT_PROJECT_VERSION = 1;
				DEVELOPMENT_ASSET_PATHS = "\"SwaquAppli/Preview Content\"";
				ENABLE_PREVIEWS = YES;
				GENERATE_INFOPLIST_FILE = YES;
				INFOPLIST_KEY_UIApplicationSceneManifest_Generation = YES;
				INFOPLIST_KEY_UIApplicationSupportsIndirectInputEvents = YES;
				INFOPLIST_KEY_UILaunchScreen_Generation = YES;
				INFOPLIST_KEY_UISupportedInterfaceOrientations_iPad = "UIInterfaceOrientationPortrait UIInterfaceOrientationPortraitUpsideDown UIInterfaceOrientationLandscapeLeft UIInterfaceOrientationLandscapeRight";
				INFOPLIST_KEY_UISupportedInterfaceOrientations_iPhone = "UIInterfaceOrientationPortrait UIInterfaceOrientationLandscapeLeft UIInterfaceOrientationLandscapeRight";
				LD_RUNPATH_SEARCH_PATHS = (
					"$(inherited)",
					"@executable_path/Frameworks",
				);
				MARKETING_VERSION = 1.0;
				PRODUCT_BUNDLE_IDENTIFIER = paolo.SwaquAppli;
				PRODUCT_NAME = "$(TARGET_NAME)";
				SWIFT_EMIT_LOC_STRINGS = YES;
				SWIFT_VERSION = 5.0;
				TARGETED_DEVICE_FAMILY = "1,2";
			};
			name = Release;
		};
/* End XCBuildConfiguration section */

/* Begin XCConfigurationList section */
		48A3A00729D460EA0035D188 /* Build configuration list for PBXProject "SwaquAppli" */ = {
			isa = XCConfigurationList;
			buildConfigurations = (
				48A3A01829D460EC0035D188 /* Debug */,
				48A3A01929D460EC0035D188 /* Release */,
			);
			defaultConfigurationIsVisible = 0;
			defaultConfigurationName = Release;
		};
		48A3A01A29D460EC0035D188 /* Build configuration list for PBXNativeTarget "SwaquAppli" */ = {
			isa = XCConfigurationList;
			buildConfigurations = (
				48A3A01B29D460EC0035D188 /* Debug */,
				48A3A01C29D460EC0035D188 /* Release */,
			);
			defaultConfigurationIsVisible = 0;
			defaultConfigurationName = Release;
		};
/* End XCConfigurationList section */
	};
	rootObject = 48A3A00429D460EA0035D188 /* Project object */;
}
